// !$*UTF8*$!
{
	archiveVersion = 1;
	classes = {
	};
	objectVersion = 48;
	objects = {

/* Begin PBXBuildFile section */
		662F43021FB6C86900975F4C /* GoogleService-Info.plist in Resources */ = {isa = PBXBuildFile; fileRef = 662F43011FB6C86800975F4C /* GoogleService-Info.plist */; };
		662F43061FB6D8E800975F4C /* FPAuthPickerViewController.swift in Sources */ = {isa = PBXBuildFile; fileRef = 662F43041FB6D8E800975F4C /* FPAuthPickerViewController.swift */; };
		662F43071FB6D8E800975F4C /* FPAuthPickerViewController.xib in Resources */ = {isa = PBXBuildFile; fileRef = 662F43051FB6D8E800975F4C /* FPAuthPickerViewController.xib */; };
		662F430D1FB6D9F000975F4C /* FPPost.swift in Sources */ = {isa = PBXBuildFile; fileRef = 662F43091FB6D9EF00975F4C /* FPPost.swift */; };
		662F430E1FB6D9F000975F4C /* FPComment.swift in Sources */ = {isa = PBXBuildFile; fileRef = 662F430A1FB6D9EF00975F4C /* FPComment.swift */; };
		662F430F1FB6D9F000975F4C /* FPUser.swift in Sources */ = {isa = PBXBuildFile; fileRef = 662F430B1FB6D9EF00975F4C /* FPUser.swift */; };
		662F43101FB6D9F000975F4C /* KZPropertyMapper+extension.swift in Sources */ = {isa = PBXBuildFile; fileRef = 662F430C1FB6D9EF00975F4C /* KZPropertyMapper+extension.swift */; };
		662F43151FB6DFD300975F4C /* GradientLayer.swift in Sources */ = {isa = PBXBuildFile; fileRef = 662F43141FB6DFD300975F4C /* GradientLayer.swift */; };
		662F43161FB6E70800975F4C /* Amaranth-Bold.otf in Resources */ = {isa = PBXBuildFile; fileRef = 662F43131FB6DA7700975F4C /* Amaranth-Bold.otf */; };
		66391D231FB34D6100AEB34B /* AppDelegate.swift in Sources */ = {isa = PBXBuildFile; fileRef = 66391D221FB34D6100AEB34B /* AppDelegate.swift */; };
		66391D281FB34D6100AEB34B /* Main.storyboard in Resources */ = {isa = PBXBuildFile; fileRef = 66391D261FB34D6100AEB34B /* Main.storyboard */; };
		66391D2A1FB34D6100AEB34B /* Assets.xcassets in Resources */ = {isa = PBXBuildFile; fileRef = 66391D291FB34D6100AEB34B /* Assets.xcassets */; };
		66391D2D1FB34D6100AEB34B /* LaunchScreen.storyboard in Resources */ = {isa = PBXBuildFile; fileRef = 66391D2B1FB34D6100AEB34B /* LaunchScreen.storyboard */; };
		6676A04D1FB61F240024429D /* SignInViewController.swift in Sources */ = {isa = PBXBuildFile; fileRef = 6676A04C1FB61F240024429D /* SignInViewController.swift */; };
		6676A04F1FB61F7D0024429D /* FPAppState.swift in Sources */ = {isa = PBXBuildFile; fileRef = 6676A04E1FB61F7D0024429D /* FPAppState.swift */; };
		93E1203376F8087EC4914176 /* Pods_FriendlyPix_Swift.framework in Frameworks */ = {isa = PBXBuildFile; fileRef = 27C6D4D3188B67D4F6C3352E /* Pods_FriendlyPix_Swift.framework */; };
/* End PBXBuildFile section */

/* Begin PBXFileReference section */
		27C6D4D3188B67D4F6C3352E /* Pods_FriendlyPix_Swift.framework */ = {isa = PBXFileReference; explicitFileType = wrapper.framework; includeInIndex = 0; path = Pods_FriendlyPix_Swift.framework; sourceTree = BUILT_PRODUCTS_DIR; };
		65C042D5A942C41055580DCC /* Pods-FriendlyPix-Swift.debug.xcconfig */ = {isa = PBXFileReference; includeInIndex = 1; lastKnownFileType = text.xcconfig; name = "Pods-FriendlyPix-Swift.debug.xcconfig"; path = "Pods/Target Support Files/Pods-FriendlyPix-Swift/Pods-FriendlyPix-Swift.debug.xcconfig"; sourceTree = "<group>"; };
		662F43011FB6C86800975F4C /* GoogleService-Info.plist */ = {isa = PBXFileReference; fileEncoding = 4; lastKnownFileType = text.plist.xml; path = "GoogleService-Info.plist"; sourceTree = "<group>"; };
		662F43031FB6C94500975F4C /* FriendlyPix-Swift.entitlements */ = {isa = PBXFileReference; lastKnownFileType = text.plist.entitlements; path = "FriendlyPix-Swift.entitlements"; sourceTree = "<group>"; };
		662F43041FB6D8E800975F4C /* FPAuthPickerViewController.swift */ = {isa = PBXFileReference; lastKnownFileType = sourcecode.swift; path = FPAuthPickerViewController.swift; sourceTree = "<group>"; };
		662F43051FB6D8E800975F4C /* FPAuthPickerViewController.xib */ = {isa = PBXFileReference; lastKnownFileType = file.xib; path = FPAuthPickerViewController.xib; sourceTree = "<group>"; };
		662F43091FB6D9EF00975F4C /* FPPost.swift */ = {isa = PBXFileReference; fileEncoding = 4; lastKnownFileType = sourcecode.swift; name = FPPost.swift; path = "FriendlyPix-Swift/Models/FPPost.swift"; sourceTree = SOURCE_ROOT; };
		662F430A1FB6D9EF00975F4C /* FPComment.swift */ = {isa = PBXFileReference; fileEncoding = 4; lastKnownFileType = sourcecode.swift; name = FPComment.swift; path = "FriendlyPix-Swift/Models/FPComment.swift"; sourceTree = SOURCE_ROOT; };
		662F430B1FB6D9EF00975F4C /* FPUser.swift */ = {isa = PBXFileReference; fileEncoding = 4; lastKnownFileType = sourcecode.swift; name = FPUser.swift; path = "FriendlyPix-Swift/Models/FPUser.swift"; sourceTree = SOURCE_ROOT; };
		662F430C1FB6D9EF00975F4C /* KZPropertyMapper+extension.swift */ = {isa = PBXFileReference; fileEncoding = 4; lastKnownFileType = sourcecode.swift; name = "KZPropertyMapper+extension.swift"; path = "FriendlyPix-Swift/Models/KZPropertyMapper+extension.swift"; sourceTree = SOURCE_ROOT; };
		662F43131FB6DA7700975F4C /* Amaranth-Bold.otf */ = {isa = PBXFileReference; lastKnownFileType = file; path = "Amaranth-Bold.otf"; sourceTree = "<group>"; };
		662F43141FB6DFD300975F4C /* GradientLayer.swift */ = {isa = PBXFileReference; lastKnownFileType = sourcecode.swift; path = GradientLayer.swift; sourceTree = "<group>"; };
		66391D1F1FB34D6100AEB34B /* FriendlyPix-Swift.app */ = {isa = PBXFileReference; explicitFileType = wrapper.application; includeInIndex = 0; path = "FriendlyPix-Swift.app"; sourceTree = BUILT_PRODUCTS_DIR; };
		66391D221FB34D6100AEB34B /* AppDelegate.swift */ = {isa = PBXFileReference; lastKnownFileType = sourcecode.swift; path = AppDelegate.swift; sourceTree = "<group>"; };
		66391D271FB34D6100AEB34B /* Base */ = {isa = PBXFileReference; lastKnownFileType = file.storyboard; name = Base; path = Base.lproj/Main.storyboard; sourceTree = "<group>"; };
		66391D291FB34D6100AEB34B /* Assets.xcassets */ = {isa = PBXFileReference; lastKnownFileType = folder.assetcatalog; path = Assets.xcassets; sourceTree = "<group>"; };
		66391D2C1FB34D6100AEB34B /* Base */ = {isa = PBXFileReference; lastKnownFileType = file.storyboard; name = Base; path = Base.lproj/LaunchScreen.storyboard; sourceTree = "<group>"; };
		66391D2E1FB34D6100AEB34B /* Info.plist */ = {isa = PBXFileReference; lastKnownFileType = text.plist.xml; path = Info.plist; sourceTree = "<group>"; };
		6676A04C1FB61F240024429D /* SignInViewController.swift */ = {isa = PBXFileReference; lastKnownFileType = sourcecode.swift; path = SignInViewController.swift; sourceTree = "<group>"; };
		6676A04E1FB61F7D0024429D /* FPAppState.swift */ = {isa = PBXFileReference; lastKnownFileType = sourcecode.swift; path = FPAppState.swift; sourceTree = "<group>"; };
		89E3AA24D9CA2638D731E6DF /* Pods-FriendlyPix-Swift.release.xcconfig */ = {isa = PBXFileReference; includeInIndex = 1; lastKnownFileType = text.xcconfig; name = "Pods-FriendlyPix-Swift.release.xcconfig"; path = "Pods/Target Support Files/Pods-FriendlyPix-Swift/Pods-FriendlyPix-Swift.release.xcconfig"; sourceTree = "<group>"; };
/* End PBXFileReference section */

/* Begin PBXFrameworksBuildPhase section */
		66391D1C1FB34D6100AEB34B /* Frameworks */ = {
			isa = PBXFrameworksBuildPhase;
			buildActionMask = 2147483647;
			files = (
				93E1203376F8087EC4914176 /* Pods_FriendlyPix_Swift.framework in Frameworks */,
			);
			runOnlyForDeploymentPostprocessing = 0;
		};
/* End PBXFrameworksBuildPhase section */

/* Begin PBXGroup section */
		08576185439B58F8BE71B850 /* Frameworks */ = {
			isa = PBXGroup;
			children = (
				27C6D4D3188B67D4F6C3352E /* Pods_FriendlyPix_Swift.framework */,
			);
			name = Frameworks;
			sourceTree = "<group>";
		};
		2D6F83C64953E2A7E1AE7BEE /* Pods */ = {
			isa = PBXGroup;
			children = (
				65C042D5A942C41055580DCC /* Pods-FriendlyPix-Swift.debug.xcconfig */,
				89E3AA24D9CA2638D731E6DF /* Pods-FriendlyPix-Swift.release.xcconfig */,
			);
			name = Pods;
			sourceTree = "<group>";
		};
		662F43081FB6D9D700975F4C /* Models */ = {
			isa = PBXGroup;
			children = (
				662F430A1FB6D9EF00975F4C /* FPComment.swift */,
				662F43091FB6D9EF00975F4C /* FPPost.swift */,
				662F430B1FB6D9EF00975F4C /* FPUser.swift */,
				662F430C1FB6D9EF00975F4C /* KZPropertyMapper+extension.swift */,
			);
			name = Models;
			path = "New Group";
			sourceTree = "<group>";
		};
		662F43111FB6DA1200975F4C /* Supporting Files */ = {
			isa = PBXGroup;
			children = (
				66391D291FB34D6100AEB34B /* Assets.xcassets */,
				66391D2B1FB34D6100AEB34B /* LaunchScreen.storyboard */,
				662F43131FB6DA7700975F4C /* Amaranth-Bold.otf */,
				66391D261FB34D6100AEB34B /* Main.storyboard */,
				66391D2E1FB34D6100AEB34B /* Info.plist */,
				662F43141FB6DFD300975F4C /* GradientLayer.swift */,
			);
			name = "Supporting Files";
			sourceTree = "<group>";
		};
		662F43121FB6DA3800975F4C /* Controllers */ = {
			isa = PBXGroup;
			children = (
				6676A04C1FB61F240024429D /* SignInViewController.swift */,
				662F43041FB6D8E800975F4C /* FPAuthPickerViewController.swift */,
				662F43051FB6D8E800975F4C /* FPAuthPickerViewController.xib */,
			);
			name = Controllers;
			sourceTree = "<group>";
		};
		66391D161FB34D6100AEB34B = {
			isa = PBXGroup;
			children = (
				662F43011FB6C86800975F4C /* GoogleService-Info.plist */,
				66391D211FB34D6100AEB34B /* FriendlyPix-Swift */,
				66391D201FB34D6100AEB34B /* Products */,
				2D6F83C64953E2A7E1AE7BEE /* Pods */,
				08576185439B58F8BE71B850 /* Frameworks */,
			);
			sourceTree = "<group>";
		};
		66391D201FB34D6100AEB34B /* Products */ = {
			isa = PBXGroup;
			children = (
				66391D1F1FB34D6100AEB34B /* FriendlyPix-Swift.app */,
			);
			name = Products;
			sourceTree = "<group>";
		};
		66391D211FB34D6100AEB34B /* FriendlyPix-Swift */ = {
			isa = PBXGroup;
			children = (
				662F43031FB6C94500975F4C /* FriendlyPix-Swift.entitlements */,
				662F43121FB6DA3800975F4C /* Controllers */,
				662F43081FB6D9D700975F4C /* Models */,
				66391D221FB34D6100AEB34B /* AppDelegate.swift */,
				662F43111FB6DA1200975F4C /* Supporting Files */,
				6676A04E1FB61F7D0024429D /* FPAppState.swift */,
			);
			path = "FriendlyPix-Swift";
			sourceTree = "<group>";
		};
/* End PBXGroup section */

/* Begin PBXNativeTarget section */
		66391D1E1FB34D6100AEB34B /* FriendlyPix-Swift */ = {
			isa = PBXNativeTarget;
			buildConfigurationList = 66391D311FB34D6100AEB34B /* Build configuration list for PBXNativeTarget "FriendlyPix-Swift" */;
			buildPhases = (
				AB96CC16D3FA8BB1477AB544 /* [CP] Check Pods Manifest.lock */,
				66391D1B1FB34D6100AEB34B /* Sources */,
				66391D1C1FB34D6100AEB34B /* Frameworks */,
				66391D1D1FB34D6100AEB34B /* Resources */,
				CE13EE018B6AFEB134551274 /* [CP] Embed Pods Frameworks */,
				C4F92F844DB242E7AA0A1FD8 /* [CP] Copy Pods Resources */,
			);
			buildRules = (
			);
			dependencies = (
			);
			name = "FriendlyPix-Swift";
			productName = "FriendlyPix-Swift";
			productReference = 66391D1F1FB34D6100AEB34B /* FriendlyPix-Swift.app */;
			productType = "com.apple.product-type.application";
		};
/* End PBXNativeTarget section */

/* Begin PBXProject section */
		66391D171FB34D6100AEB34B /* Project object */ = {
			isa = PBXProject;
			attributes = {
				LastSwiftUpdateCheck = 0910;
				LastUpgradeCheck = 0910;
				ORGANIZATIONNAME = "Kazuki Ohara";
				TargetAttributes = {
					66391D1E1FB34D6100AEB34B = {
						CreatedOnToolsVersion = 9.1;
						ProvisioningStyle = Automatic;
						SystemCapabilities = {
							com.apple.BackgroundModes = {
								enabled = 1;
							};
							com.apple.Push = {
								enabled = 1;
							};
						};
					};
				};
			};
			buildConfigurationList = 66391D1A1FB34D6100AEB34B /* Build configuration list for PBXProject "FriendlyPix-Swift" */;
			compatibilityVersion = "Xcode 8.0";
			developmentRegion = en;
			hasScannedForEncodings = 0;
			knownRegions = (
				en,
				Base,
			);
			mainGroup = 66391D161FB34D6100AEB34B;
			productRefGroup = 66391D201FB34D6100AEB34B /* Products */;
			projectDirPath = "";
			projectRoot = "";
			targets = (
				66391D1E1FB34D6100AEB34B /* FriendlyPix-Swift */,
			);
		};
/* End PBXProject section */

/* Begin PBXResourcesBuildPhase section */
		66391D1D1FB34D6100AEB34B /* Resources */ = {
			isa = PBXResourcesBuildPhase;
			buildActionMask = 2147483647;
			files = (
				662F43161FB6E70800975F4C /* Amaranth-Bold.otf in Resources */,
				66391D2D1FB34D6100AEB34B /* LaunchScreen.storyboard in Resources */,
				662F43071FB6D8E800975F4C /* FPAuthPickerViewController.xib in Resources */,
				662F43021FB6C86900975F4C /* GoogleService-Info.plist in Resources */,
				66391D2A1FB34D6100AEB34B /* Assets.xcassets in Resources */,
				66391D281FB34D6100AEB34B /* Main.storyboard in Resources */,
			);
			runOnlyForDeploymentPostprocessing = 0;
		};
/* End PBXResourcesBuildPhase section */

/* Begin PBXShellScriptBuildPhase section */
		AB96CC16D3FA8BB1477AB544 /* [CP] Check Pods Manifest.lock */ = {
			isa = PBXShellScriptBuildPhase;
			buildActionMask = 2147483647;
			files = (
			);
			inputPaths = (
				"${PODS_PODFILE_DIR_PATH}/Podfile.lock",
				"${PODS_ROOT}/Manifest.lock",
			);
			name = "[CP] Check Pods Manifest.lock";
			outputPaths = (
				"$(DERIVED_FILE_DIR)/Pods-FriendlyPix-Swift-checkManifestLockResult.txt",
			);
			runOnlyForDeploymentPostprocessing = 0;
			shellPath = /bin/sh;
			shellScript = "diff \"${PODS_PODFILE_DIR_PATH}/Podfile.lock\" \"${PODS_ROOT}/Manifest.lock\" > /dev/null\nif [ $? != 0 ] ; then\n    # print error to STDERR\n    echo \"error: The sandbox is not in sync with the Podfile.lock. Run 'pod install' or update your CocoaPods installation.\" >&2\n    exit 1\nfi\n# This output is used by Xcode 'outputs' to avoid re-running this script phase.\necho \"SUCCESS\" > \"${SCRIPT_OUTPUT_FILE_0}\"\n";
			showEnvVarsInLog = 0;
		};
		C4F92F844DB242E7AA0A1FD8 /* [CP] Copy Pods Resources */ = {
			isa = PBXShellScriptBuildPhase;
			buildActionMask = 2147483647;
			files = (
			);
			inputPaths = (
				"${SRCROOT}/Pods/Target Support Files/Pods-FriendlyPix-Swift/Pods-FriendlyPix-Swift-resources.sh",
				"${PODS_ROOT}/FirebaseInvites/Resources/GINInviteResources.bundle",
				"${PODS_ROOT}/FirebaseInvites/Resources/GPPACLPickerResources.bundle",
				$PODS_CONFIGURATION_BUILD_DIR/FirebaseUI/FirebaseAuthUI.bundle,
				$PODS_CONFIGURATION_BUILD_DIR/FirebaseUI/FirebaseFacebookAuthUI.bundle,
				$PODS_CONFIGURATION_BUILD_DIR/FirebaseUI/FirebaseGoogleAuthUI.bundle,
				$PODS_CONFIGURATION_BUILD_DIR/FirebaseUI/FirebasePhoneAuthUI.bundle,
				$PODS_CONFIGURATION_BUILD_DIR/FirebaseUI/FirebaseTwitterAuthUI.bundle,
				"${PODS_ROOT}/GoogleSignIn/Resources/GoogleSignIn.bundle",
				"${PODS_ROOT}/TwitterKit/iOS/TwitterKit.framework/TwitterKitResources.bundle",
				"${PODS_ROOT}/TwitterKit/iOS/TwitterKit.framework/TwitterShareExtensionUIResources.bundle",
			);
			name = "[CP] Copy Pods Resources";
			outputPaths = (
				"${TARGET_BUILD_DIR}/${UNLOCALIZED_RESOURCES_FOLDER_PATH}",
			);
			runOnlyForDeploymentPostprocessing = 0;
			shellPath = /bin/sh;
			shellScript = "\"${SRCROOT}/Pods/Target Support Files/Pods-FriendlyPix-Swift/Pods-FriendlyPix-Swift-resources.sh\"\n";
			showEnvVarsInLog = 0;
		};
		CE13EE018B6AFEB134551274 /* [CP] Embed Pods Frameworks */ = {
			isa = PBXShellScriptBuildPhase;
			buildActionMask = 2147483647;
			files = (
			);
			inputPaths = (
				"${SRCROOT}/Pods/Target Support Files/Pods-FriendlyPix-Swift/Pods-FriendlyPix-Swift-frameworks.sh",
				"${BUILT_PRODUCTS_DIR}/AFNetworking/AFNetworking.framework",
				"${BUILT_PRODUCTS_DIR}/Bolts/Bolts.framework",
				"${BUILT_PRODUCTS_DIR}/FBSDKCoreKit/FBSDKCoreKit.framework",
				"${BUILT_PRODUCTS_DIR}/FBSDKLoginKit/FBSDKLoginKit.framework",
				"${BUILT_PRODUCTS_DIR}/GTMOAuth2/GTMOAuth2.framework",
				"${BUILT_PRODUCTS_DIR}/GTMSessionFetcher/GTMSessionFetcher.framework",
				"${BUILT_PRODUCTS_DIR}/GoogleAPIClientForREST/GoogleAPIClientForREST.framework",
				"${BUILT_PRODUCTS_DIR}/GoogleToolboxForMac/GoogleToolboxForMac.framework",
				"${BUILT_PRODUCTS_DIR}/KZPropertyMapper/KZPropertyMapper.framework",
				"${BUILT_PRODUCTS_DIR}/MHPrettyDate/MHPrettyDate.framework",
				"${BUILT_PRODUCTS_DIR}/Protobuf/Protobuf.framework",
				"${BUILT_PRODUCTS_DIR}/PureLayout/PureLayout.framework",
				"${BUILT_PRODUCTS_DIR}/SDWebImage/SDWebImage.framework",
				"${BUILT_PRODUCTS_DIR}/STXDynamicTableView/STXDynamicTableView.framework",
				"${BUILT_PRODUCTS_DIR}/TTTAttributedLabel/TTTAttributedLabel.framework",
				"${BUILT_PRODUCTS_DIR}/UALogger/UALogger.framework",
				"${BUILT_PRODUCTS_DIR}/leveldb-library/leveldb.framework",
				"${BUILT_PRODUCTS_DIR}/nanopb/nanopb.framework",
			);
			name = "[CP] Embed Pods Frameworks";
			outputPaths = (
				"${TARGET_BUILD_DIR}/${FRAMEWORKS_FOLDER_PATH}/AFNetworking.framework",
				"${TARGET_BUILD_DIR}/${FRAMEWORKS_FOLDER_PATH}/Bolts.framework",
				"${TARGET_BUILD_DIR}/${FRAMEWORKS_FOLDER_PATH}/FBSDKCoreKit.framework",
				"${TARGET_BUILD_DIR}/${FRAMEWORKS_FOLDER_PATH}/FBSDKLoginKit.framework",
				"${TARGET_BUILD_DIR}/${FRAMEWORKS_FOLDER_PATH}/GTMOAuth2.framework",
				"${TARGET_BUILD_DIR}/${FRAMEWORKS_FOLDER_PATH}/GTMSessionFetcher.framework",
				"${TARGET_BUILD_DIR}/${FRAMEWORKS_FOLDER_PATH}/GoogleAPIClientForREST.framework",
				"${TARGET_BUILD_DIR}/${FRAMEWORKS_FOLDER_PATH}/GoogleToolboxForMac.framework",
				"${TARGET_BUILD_DIR}/${FRAMEWORKS_FOLDER_PATH}/KZPropertyMapper.framework",
				"${TARGET_BUILD_DIR}/${FRAMEWORKS_FOLDER_PATH}/MHPrettyDate.framework",
				"${TARGET_BUILD_DIR}/${FRAMEWORKS_FOLDER_PATH}/Protobuf.framework",
				"${TARGET_BUILD_DIR}/${FRAMEWORKS_FOLDER_PATH}/PureLayout.framework",
				"${TARGET_BUILD_DIR}/${FRAMEWORKS_FOLDER_PATH}/SDWebImage.framework",
				"${TARGET_BUILD_DIR}/${FRAMEWORKS_FOLDER_PATH}/STXDynamicTableView.framework",
				"${TARGET_BUILD_DIR}/${FRAMEWORKS_FOLDER_PATH}/TTTAttributedLabel.framework",
				"${TARGET_BUILD_DIR}/${FRAMEWORKS_FOLDER_PATH}/UALogger.framework",
				"${TARGET_BUILD_DIR}/${FRAMEWORKS_FOLDER_PATH}/leveldb.framework",
				"${TARGET_BUILD_DIR}/${FRAMEWORKS_FOLDER_PATH}/nanopb.framework",
			);
			runOnlyForDeploymentPostprocessing = 0;
			shellPath = /bin/sh;
			shellScript = "\"${SRCROOT}/Pods/Target Support Files/Pods-FriendlyPix-Swift/Pods-FriendlyPix-Swift-frameworks.sh\"\n";
			showEnvVarsInLog = 0;
		};
/* End PBXShellScriptBuildPhase section */

/* Begin PBXSourcesBuildPhase section */
		66391D1B1FB34D6100AEB34B /* Sources */ = {
			isa = PBXSourcesBuildPhase;
			buildActionMask = 2147483647;
			files = (
				662F43061FB6D8E800975F4C /* FPAuthPickerViewController.swift in Sources */,
				662F430F1FB6D9F000975F4C /* FPUser.swift in Sources */,
				662F43151FB6DFD300975F4C /* GradientLayer.swift in Sources */,
				662F430D1FB6D9F000975F4C /* FPPost.swift in Sources */,
				6676A04D1FB61F240024429D /* SignInViewController.swift in Sources */,
				662F43101FB6D9F000975F4C /* KZPropertyMapper+extension.swift in Sources */,
				662F430E1FB6D9F000975F4C /* FPComment.swift in Sources */,
				6676A04F1FB61F7D0024429D /* FPAppState.swift in Sources */,
				66391D231FB34D6100AEB34B /* AppDelegate.swift in Sources */,
			);
			runOnlyForDeploymentPostprocessing = 0;
		};
/* End PBXSourcesBuildPhase section */

/* Begin PBXVariantGroup section */
		66391D261FB34D6100AEB34B /* Main.storyboard */ = {
			isa = PBXVariantGroup;
			children = (
				66391D271FB34D6100AEB34B /* Base */,
			);
			name = Main.storyboard;
			sourceTree = "<group>";
		};
		66391D2B1FB34D6100AEB34B /* LaunchScreen.storyboard */ = {
			isa = PBXVariantGroup;
			children = (
				66391D2C1FB34D6100AEB34B /* Base */,
			);
			name = LaunchScreen.storyboard;
			sourceTree = "<group>";
		};
/* End PBXVariantGroup section */

/* Begin XCBuildConfiguration section */
		66391D2F1FB34D6100AEB34B /* Debug */ = {
			isa = XCBuildConfiguration;
			buildSettings = {
				ALWAYS_SEARCH_USER_PATHS = NO;
				CLANG_ANALYZER_NONNULL = YES;
				CLANG_ANALYZER_NUMBER_OBJECT_CONVERSION = YES_AGGRESSIVE;
				CLANG_CXX_LANGUAGE_STANDARD = "gnu++14";
				CLANG_CXX_LIBRARY = "libc++";
				CLANG_ENABLE_MODULES = YES;
				CLANG_ENABLE_OBJC_ARC = YES;
				CLANG_WARN_BLOCK_CAPTURE_AUTORELEASING = YES;
				CLANG_WARN_BOOL_CONVERSION = YES;
				CLANG_WARN_COMMA = YES;
				CLANG_WARN_CONSTANT_CONVERSION = YES;
				CLANG_WARN_DIRECT_OBJC_ISA_USAGE = YES_ERROR;
				CLANG_WARN_DOCUMENTATION_COMMENTS = YES;
				CLANG_WARN_EMPTY_BODY = YES;
				CLANG_WARN_ENUM_CONVERSION = YES;
				CLANG_WARN_INFINITE_RECURSION = YES;
				CLANG_WARN_INT_CONVERSION = YES;
				CLANG_WARN_NON_LITERAL_NULL_CONVERSION = YES;
				CLANG_WARN_OBJC_LITERAL_CONVERSION = YES;
				CLANG_WARN_OBJC_ROOT_CLASS = YES_ERROR;
				CLANG_WARN_RANGE_LOOP_ANALYSIS = YES;
				CLANG_WARN_STRICT_PROTOTYPES = YES;
				CLANG_WARN_SUSPICIOUS_MOVE = YES;
				CLANG_WARN_UNGUARDED_AVAILABILITY = YES_AGGRESSIVE;
				CLANG_WARN_UNREACHABLE_CODE = YES;
				CLANG_WARN__DUPLICATE_METHOD_MATCH = YES;
				CODE_SIGN_IDENTITY = "iPhone Developer";
				COPY_PHASE_STRIP = NO;
				DEBUG_INFORMATION_FORMAT = dwarf;
				ENABLE_STRICT_OBJC_MSGSEND = YES;
				ENABLE_TESTABILITY = YES;
				GCC_C_LANGUAGE_STANDARD = gnu11;
				GCC_DYNAMIC_NO_PIC = NO;
				GCC_NO_COMMON_BLOCKS = YES;
				GCC_OPTIMIZATION_LEVEL = 0;
				GCC_PREPROCESSOR_DEFINITIONS = (
					"DEBUG=1",
					"$(inherited)",
				);
				GCC_WARN_64_TO_32_BIT_CONVERSION = YES;
				GCC_WARN_ABOUT_RETURN_TYPE = YES_ERROR;
				GCC_WARN_UNDECLARED_SELECTOR = YES;
				GCC_WARN_UNINITIALIZED_AUTOS = YES_AGGRESSIVE;
				GCC_WARN_UNUSED_FUNCTION = YES;
				GCC_WARN_UNUSED_VARIABLE = YES;
				IPHONEOS_DEPLOYMENT_TARGET = 10.0;
				MTL_ENABLE_DEBUG_INFO = YES;
				ONLY_ACTIVE_ARCH = YES;
				SDKROOT = iphoneos;
				SWIFT_ACTIVE_COMPILATION_CONDITIONS = DEBUG;
				SWIFT_OPTIMIZATION_LEVEL = "-Onone";
			};
			name = Debug;
		};
		66391D301FB34D6100AEB34B /* Release */ = {
			isa = XCBuildConfiguration;
			buildSettings = {
				ALWAYS_SEARCH_USER_PATHS = NO;
				CLANG_ANALYZER_NONNULL = YES;
				CLANG_ANALYZER_NUMBER_OBJECT_CONVERSION = YES_AGGRESSIVE;
				CLANG_CXX_LANGUAGE_STANDARD = "gnu++14";
				CLANG_CXX_LIBRARY = "libc++";
				CLANG_ENABLE_MODULES = YES;
				CLANG_ENABLE_OBJC_ARC = YES;
				CLANG_WARN_BLOCK_CAPTURE_AUTORELEASING = YES;
				CLANG_WARN_BOOL_CONVERSION = YES;
				CLANG_WARN_COMMA = YES;
				CLANG_WARN_CONSTANT_CONVERSION = YES;
				CLANG_WARN_DIRECT_OBJC_ISA_USAGE = YES_ERROR;
				CLANG_WARN_DOCUMENTATION_COMMENTS = YES;
				CLANG_WARN_EMPTY_BODY = YES;
				CLANG_WARN_ENUM_CONVERSION = YES;
				CLANG_WARN_INFINITE_RECURSION = YES;
				CLANG_WARN_INT_CONVERSION = YES;
				CLANG_WARN_NON_LITERAL_NULL_CONVERSION = YES;
				CLANG_WARN_OBJC_LITERAL_CONVERSION = YES;
				CLANG_WARN_OBJC_ROOT_CLASS = YES_ERROR;
				CLANG_WARN_RANGE_LOOP_ANALYSIS = YES;
				CLANG_WARN_STRICT_PROTOTYPES = YES;
				CLANG_WARN_SUSPICIOUS_MOVE = YES;
				CLANG_WARN_UNGUARDED_AVAILABILITY = YES_AGGRESSIVE;
				CLANG_WARN_UNREACHABLE_CODE = YES;
				CLANG_WARN__DUPLICATE_METHOD_MATCH = YES;
				CODE_SIGN_IDENTITY = "iPhone Developer";
				COPY_PHASE_STRIP = NO;
				DEBUG_INFORMATION_FORMAT = "dwarf-with-dsym";
				ENABLE_NS_ASSERTIONS = NO;
				ENABLE_STRICT_OBJC_MSGSEND = YES;
				GCC_C_LANGUAGE_STANDARD = gnu11;
				GCC_NO_COMMON_BLOCKS = YES;
				GCC_WARN_64_TO_32_BIT_CONVERSION = YES;
				GCC_WARN_ABOUT_RETURN_TYPE = YES_ERROR;
				GCC_WARN_UNDECLARED_SELECTOR = YES;
				GCC_WARN_UNINITIALIZED_AUTOS = YES_AGGRESSIVE;
				GCC_WARN_UNUSED_FUNCTION = YES;
				GCC_WARN_UNUSED_VARIABLE = YES;
				IPHONEOS_DEPLOYMENT_TARGET = 10.0;
				MTL_ENABLE_DEBUG_INFO = NO;
				SDKROOT = iphoneos;
				SWIFT_OPTIMIZATION_LEVEL = "-Owholemodule";
				VALIDATE_PRODUCT = YES;
			};
			name = Release;
		};
		66391D321FB34D6100AEB34B /* Debug */ = {
			isa = XCBuildConfiguration;
			baseConfigurationReference = 65C042D5A942C41055580DCC /* Pods-FriendlyPix-Swift.debug.xcconfig */;
			buildSettings = {
				ASSETCATALOG_COMPILER_APPICON_NAME = AppIcon;
				CODE_SIGN_ENTITLEMENTS = "FriendlyPix-Swift/FriendlyPix-Swift.entitlements";
				CODE_SIGN_STYLE = Automatic;
				DEVELOPMENT_TEAM = 8T6MHKM77M;
				INFOPLIST_FILE = "FriendlyPix-Swift/Info.plist";
				LD_RUNPATH_SEARCH_PATHS = "$(inherited) @executable_path/Frameworks";
				PRODUCT_BUNDLE_IDENTIFIER = "com.gmail.ohara.kazuki.FriendlyPix-Swift";
				PRODUCT_NAME = "$(TARGET_NAME)";
				SWIFT_VERSION = 4.0;
				TARGETED_DEVICE_FAMILY = "1,2";
			};
			name = Debug;
		};
		66391D331FB34D6100AEB34B /* Release */ = {
			isa = XCBuildConfiguration;
			baseConfigurationReference = 89E3AA24D9CA2638D731E6DF /* Pods-FriendlyPix-Swift.release.xcconfig */;
			buildSettings = {
				ASSETCATALOG_COMPILER_APPICON_NAME = AppIcon;
				CODE_SIGN_ENTITLEMENTS = "FriendlyPix-Swift/FriendlyPix-Swift.entitlements";
				CODE_SIGN_STYLE = Automatic;
				DEVELOPMENT_TEAM = 8T6MHKM77M;
				INFOPLIST_FILE = "FriendlyPix-Swift/Info.plist";
				LD_RUNPATH_SEARCH_PATHS = "$(inherited) @executable_path/Frameworks";
				PRODUCT_BUNDLE_IDENTIFIER = "com.gmail.ohara.kazuki.FriendlyPix-Swift";
				PRODUCT_NAME = "$(TARGET_NAME)";
				SWIFT_VERSION = 4.0;
				TARGETED_DEVICE_FAMILY = "1,2";
			};
			name = Release;
		};
/* End XCBuildConfiguration section */

/* Begin XCConfigurationList section */
		66391D1A1FB34D6100AEB34B /* Build configuration list for PBXProject "FriendlyPix-Swift" */ = {
			isa = XCConfigurationList;
			buildConfigurations = (
				66391D2F1FB34D6100AEB34B /* Debug */,
				66391D301FB34D6100AEB34B /* Release */,
			);
			defaultConfigurationIsVisible = 0;
			defaultConfigurationName = Release;
		};
		66391D311FB34D6100AEB34B /* Build configuration list for PBXNativeTarget "FriendlyPix-Swift" */ = {
			isa = XCConfigurationList;
			buildConfigurations = (
				66391D321FB34D6100AEB34B /* Debug */,
				66391D331FB34D6100AEB34B /* Release */,
			);
			defaultConfigurationIsVisible = 0;
			defaultConfigurationName = Release;
		};
/* End XCConfigurationList section */
	};
	rootObject = 66391D171FB34D6100AEB34B /* Project object */;
}
